
Microsoft Visual Studio Solution File, Format Version 12.00
# Visual Studio Version 16
VisualStudioVersion = 16.0.28705.295
MinimumVisualStudioVersion = 10.0.40219.1
Project("{9A19103F-16F7-4668-BE54-9A1E7A4F7556}") = "Bug20195", "Bug20195\Bug20195.csproj", "{545BBF79-5075-448B-A99B-F9AAAD34E0DC}"
EndProject
Project("{FAE04EC0-301F-11D3-BF4B-00C04F79EFBC}") = "OtherLibrary", "OtherLibrary\OtherLibrary.csproj", "{72C5670A-04A4-4C7D-864F-6BB3403E12CB}"
EndProject
Global
	GlobalSection(SolutionConfigurationPlatforms) = preSolution
		Debug|Any CPU = Debug|Any CPU
		Release|Any CPU = Release|Any CPU
	EndGlobalSection
	GlobalSection(ProjectConfigurationPlatforms) = postSolution
		{545BBF79-5075-448B-A99B-F9AAAD34E0DC}.Debug|Any CPU.ActiveCfg = Debug|Any CPU
		{545BBF79-5075-448B-A99B-F9AAAD34E0DC}.Debug|Any CPU.Build.0 = Debug|Any CPU
		{545BBF79-5075-448B-A99B-F9AAAD34E0DC}.Release|Any CPU.ActiveCfg = Release|Any CPU
		{545BBF79-5075-448B-A99B-F9AAAD34E0DC}.Release|Any CPU.Build.0 = Release|Any CPU
		{72C5670A-04A4-4C7D-864F-6BB3403E12CB}.Debug|Any CPU.ActiveCfg = Debug|Any CPU
		{72C5670A-04A4-4C7D-864F-6BB3403E12CB}.Debug|Any CPU.Build.0 = Debug|Any CPU
		{72C5670A-04A4-4C7D-864F-6BB3403E12CB}.Release|Any CPU.ActiveCfg = Release|Any CPU
		{72C5670A-04A4-4C7D-864F-6BB3403E12CB}.Release|Any CPU.Build.0 = Release|Any CPU
	EndGlobalSection
	GlobalSection(SolutionProperties) = preSolution
		HideSolutionNode = FALSE
	EndGlobalSection
	GlobalSection(ExtensibilityGlobals) = postSolution
		SolutionGuid = {CCFD9D76-57B0-4B95-BF35-3AE8EE8215B4}
	EndGlobalSection
EndGlobal
